version = 1
revision = 3
requires-python = ">=3.13"

[[package]]
name = "asgiref"
version = "3.8.1"
source = { registry = "https://pypi.org/simple" }
sdist = { url = "https://files.pythonhosted.org/packages/29/38/b3395cc9ad1b56d2ddac9970bc8f4141312dbaec28bc7c218b0dfafd0f42/asgiref-3.8.1.tar.gz", hash = "sha256:c343bd80a0bec947a9860adb4c432ffa7db769836c64238fc34bdc3fec84d590", size = 35186, upload-time = "2024-03-22T14:39:36.863Z" }
wheels = [
    { url = "https://files.pythonhosted.org/packages/39/e3/893e8757be2612e6c266d9bb58ad2e3651524b5b40cf56761e985a28b13e/asgiref-3.8.1-py3-none-any.whl", hash = "sha256:3e1e3ecc849832fe52ccf2cb6686b7a55f82bb1d6aee72a58826471390335e47", size = 23828, upload-time = "2024-03-22T14:39:34.521Z" },
]

[[package]]
name = "django"
version = "5.1.7"
source = { registry = "https://pypi.org/simple" }
dependencies = [
    { name = "asgiref" },
    { name = "sqlparse" },
    { name = "tzdata", marker = "sys_platform == 'win32'" },
]
sdist = { url = "https://files.pythonhosted.org/packages/5f/57/11186e493ddc5a5e92cc7924a6363f7d4c2b645f7d7cb04a26a63f9bfb8b/Django-5.1.7.tar.gz", hash = "sha256:30de4ee43a98e5d3da36a9002f287ff400b43ca51791920bfb35f6917bfe041c", size = 10716510, upload-time = "2025-03-06T12:52:18.938Z" }
wheels = [
    { url = "https://files.pythonhosted.org/packages/ba/0f/7e042df3d462d39ae01b27a09ee76653692442bc3701fbfa6cb38e12889d/Django-5.1.7-py3-none-any.whl", hash = "sha256:1323617cb624add820cb9611cdcc788312d250824f92ca6048fda8625514af2b", size = 8276912, upload-time = "2025-03-06T12:52:12.784Z" },
]

[[package]]
name = "django-coasc"
version = "0.1.2"
source = { editable = "." }
dependencies = [
    { name = "django" },
]

[package.dev-dependencies]
dev = [
    { name = "django-stubs", extra = ["compatible-mypy"] },
    { name = "psycopg2-binary" },
    { name = "ruff" },
]

[package.metadata]
requires-dist = [{ name = "django", specifier = ">=5.1.7" }]

[package.metadata.requires-dev]
dev = [
    { name = "django-stubs", extras = ["compatible-mypy"], specifier = ">=5.1.7" },
    { name = "psycopg2-binary", specifier = ">=2.9.11" },
    { name = "ruff", specifier = ">=0.10.0" },
]

[[package]]
name = "django-stubs"
version = "5.2.9"
source = { registry = "https://pypi.org/simple" }
dependencies = [
    { name = "django" },
    { name = "django-stubs-ext" },
    { name = "types-pyyaml" },
    { name = "typing-extensions" },
]
sdist = { url = "https://files.pythonhosted.org/packages/9c/01/86c921e0e19c9fa7e705bf795998dbf55eb183e7be0342a3027dc1bcbc9f/django_stubs-5.2.9.tar.gz", hash = "sha256:c192257120b08785cfe6f2f1c91f1797aceae8e9daa689c336e52c91e8f6a493", size = 257970, upload-time = "2026-01-20T23:59:27.018Z" }
wheels = [
    { url = "https://files.pythonhosted.org/packages/0d/05/4c9c419b7051eb4b350100b086be6df487f968ab672d3d370f8ccf7c3746/django_stubs-5.2.9-py3-none-any.whl", hash = "sha256:2317a7130afdaa76f6ff7f623650d7f3bf1b6c86a60f95840e14e6ec6de1a7cd", size = 508656, upload-time = "2026-01-20T23:59:25.12Z" },
]

[package.optional-dependencies]
compatible-mypy = [
    { name = "mypy" },
]

[[package]]
name = "django-stubs-ext"
version = "5.2.9"
source = { registry = "https://pypi.org/simple" }
dependencies = [
    { name = "django" },
    { name = "typing-extensions" },
]
sdist = { url = "https://files.pythonhosted.org/packages/55/03/9c2be939490d2282328db4611bc5956899f5ff7eabc3e88bd4b964a87373/django_stubs_ext-5.2.9.tar.gz", hash = "sha256:6db4054d1580657b979b7d391474719f1a978773e66c7070a5e246cd445a25a9", size = 6497, upload-time = "2026-01-20T23:58:59.462Z" }
wheels = [
    { url = "https://files.pythonhosted.org/packages/9b/f7/0d5f7d7e76fe972d9f560f687fdc0cab4db9e1624fd90728ca29b4ed7a63/django_stubs_ext-5.2.9-py3-none-any.whl", hash = "sha256:230c51575551b0165be40177f0f6805f1e3ebf799b835c85f5d64c371ca6cf71", size = 9974, upload-time = "2026-01-20T23:58:58.438Z" },
]

[[package]]
name = "librt"
version = "0.7.8"
source = { registry = "https://pypi.org/simple" }
sdist = { url = "https://files.pythonhosted.org/packages/e7/24/5f3646ff414285e0f7708fa4e946b9bf538345a41d1c375c439467721a5e/librt-0.7.8.tar.gz", hash = "sha256:1a4ede613941d9c3470b0368be851df6bb78ab218635512d0370b27a277a0862", size = 148323, upload-time = "2026-01-14T12:56:16.876Z" }
wheels = [
    { url = "https://files.pythonhosted.org/packages/a1/fe/b1f9de2829cf7fc7649c1dcd202cfd873837c5cc2fc9e526b0e7f716c3d2/librt-0.7.8-cp313-cp313-macosx_10_13_x86_64.whl", hash = "sha256:4c3995abbbb60b3c129490fa985dfe6cac11d88fc3c36eeb4fb1449efbbb04fc", size = 57500, upload-time = "2026-01-14T12:55:21.219Z" },
    { url = "https://files.pythonhosted.org/packages/eb/d4/4a60fbe2e53b825f5d9a77325071d61cd8af8506255067bf0c8527530745/librt-0.7.8-cp313-cp313-macosx_11_0_arm64.whl", hash = "sha256:44e0c2cbc9bebd074cf2cdbe472ca185e824be4e74b1c63a8e934cea674bebf2", size = 59019, upload-time = "2026-01-14T12:55:22.256Z" },
    { url = "https://files.pythonhosted.org/packages/6a/37/61ff80341ba5159afa524445f2d984c30e2821f31f7c73cf166dcafa5564/librt-0.7.8-cp313-cp313-manylinux1_i686.manylinux_2_28_i686.manylinux_2_5_i686.whl", hash = "sha256:4d2f1e492cae964b3463a03dc77a7fe8742f7855d7258c7643f0ee32b6651dd3", size = 169015, upload-time = "2026-01-14T12:55:23.24Z" },
    { url = "https://files.pythonhosted.org/packages/1c/86/13d4f2d6a93f181ebf2fc953868826653ede494559da8268023fe567fca3/librt-0.7.8-cp313-cp313-manylinux2014_aarch64.manylinux_2_17_aarch64.manylinux_2_28_aarch64.whl", hash = "sha256:451e7ffcef8f785831fdb791bd69211f47e95dc4c6ddff68e589058806f044c6", size = 178161, upload-time = "2026-01-14T12:55:24.826Z" },
    { url = "https://files.pythonhosted.org/packages/88/26/e24ef01305954fc4d771f1f09f3dd682f9eb610e1bec188ffb719374d26e/librt-0.7.8-cp313-cp313-manylinux2014_x86_64.manylinux_2_17_x86_64.manylinux_2_28_x86_64.whl", hash = "sha256:3469e1af9f1380e093ae06bedcbdd11e407ac0b303a56bbe9afb1d6824d4982d", size = 193015, upload-time = "2026-01-14T12:55:26.04Z" },
    { url = "https://files.pythonhosted.org/packages/88/a0/92b6bd060e720d7a31ed474d046a69bd55334ec05e9c446d228c4b806ae3/librt-0.7.8-cp313-cp313-musllinux_1_2_aarch64.whl", hash = "sha256:f11b300027ce19a34f6d24ebb0a25fd0e24a9d53353225a5c1e6cadbf2916b2e", size = 192038, upload-time = "2026-01-14T12:55:27.208Z" },
    { url = "https://files.pythonhosted.org/packages/06/bb/6f4c650253704279c3a214dad188101d1b5ea23be0606628bc6739456624/librt-0.7.8-cp313-cp313-musllinux_1_2_i686.whl", hash = "sha256:4adc73614f0d3c97874f02f2c7fd2a27854e7e24ad532ea6b965459c5b757eca", size = 186006, upload-time = "2026-01-14T12:55:28.594Z" },
    { url = "https://files.pythonhosted.org/packages/dc/00/1c409618248d43240cadf45f3efb866837fa77e9a12a71481912135eb481/librt-0.7.8-cp313-cp313-musllinux_1_2_x86_64.whl", hash = "sha256:60c299e555f87e4c01b2eca085dfccda1dde87f5a604bb45c2906b8305819a93", size = 206888, upload-time = "2026-01-14T12:55:30.214Z" },
    { url = "https://files.pythonhosted.org/packages/d9/83/b2cfe8e76ff5c1c77f8a53da3d5de62d04b5ebf7cf913e37f8bca43b5d07/librt-0.7.8-cp313-cp313-win32.whl", hash = "sha256:b09c52ed43a461994716082ee7d87618096851319bf695d57ec123f2ab708951", size = 44126, upload-time = "2026-01-14T12:55:31.44Z" },
    { url = "https://files.pythonhosted.org/packages/a9/0b/c59d45de56a51bd2d3a401fc63449c0ac163e4ef7f523ea8b0c0dee86ec5/librt-0.7.8-cp313-cp313-win_amd64.whl", hash = "sha256:f8f4a901a3fa28969d6e4519deceab56c55a09d691ea7b12ca830e2fa3461e34", size = 50262, upload-time = "2026-01-14T12:55:33.01Z" },
    { url = "https://files.pythonhosted.org/packages/fc/b9/973455cec0a1ec592395250c474164c4a58ebf3e0651ee920fef1a2623f1/librt-0.7.8-cp313-cp313-win_arm64.whl", hash = "sha256:43d4e71b50763fcdcf64725ac680d8cfa1706c928b844794a7aa0fa9ac8e5f09", size = 43600, upload-time = "2026-01-14T12:55:34.054Z" },
    { url = "https://files.pythonhosted.org/packages/1a/73/fa8814c6ce2d49c3827829cadaa1589b0bf4391660bd4510899393a23ebc/librt-0.7.8-cp314-cp314-macosx_10_13_x86_64.whl", hash = "sha256:be927c3c94c74b05128089a955fba86501c3b544d1d300282cc1b4bd370cb418", size = 57049, upload-time = "2026-01-14T12:55:35.056Z" },
    { url = "https://files.pythonhosted.org/packages/53/fe/f6c70956da23ea235fd2e3cc16f4f0b4ebdfd72252b02d1164dd58b4e6c3/librt-0.7.8-cp314-cp314-macosx_11_0_arm64.whl", hash = "sha256:7b0803e9008c62a7ef79058233db7ff6f37a9933b8f2573c05b07ddafa226611", size = 58689, upload-time = "2026-01-14T12:55:36.078Z" },
    { url = "https://files.pythonhosted.org/packages/1f/4d/7a2481444ac5fba63050d9abe823e6bc16896f575bfc9c1e5068d516cdce/librt-0.7.8-cp314-cp314-manylinux1_i686.manylinux_2_28_i686.manylinux_2_5_i686.whl", hash = "sha256:79feb4d00b2a4e0e05c9c56df707934f41fcb5fe53fd9efb7549068d0495b758", size = 166808, upload-time = "2026-01-14T12:55:37.595Z" },
    { url = "https://files.pythonhosted.org/packages/ac/3c/10901d9e18639f8953f57c8986796cfbf4c1c514844a41c9197cf87cb707/librt-0.7.8-cp314-cp314-manylinux2014_aarch64.manylinux_2_17_aarch64.manylinux_2_28_aarch64.whl", hash = "sha256:b9122094e3f24aa759c38f46bd8863433820654927370250f460ae75488b66ea", size = 175614, upload-time = "2026-01-14T12:55:38.756Z" },
    { url = "https://files.pythonhosted.org/packages/db/01/5cbdde0951a5090a80e5ba44e6357d375048123c572a23eecfb9326993a7/librt-0.7.8-cp314-cp314-manylinux2014_x86_64.manylinux_2_17_x86_64.manylinux_2_28_x86_64.whl", hash = "sha256:7e03bea66af33c95ce3addf87a9bf1fcad8d33e757bc479957ddbc0e4f7207ac", size = 189955, upload-time = "2026-01-14T12:55:39.939Z" },
    { url = "https://files.pythonhosted.org/packages/6a/b4/e80528d2f4b7eaf1d437fcbd6fc6ba4cbeb3e2a0cb9ed5a79f47c7318706/librt-0.7.8-cp314-cp314-musllinux_1_2_aarch64.whl", hash = "sha256:f1ade7f31675db00b514b98f9ab9a7698c7282dad4be7492589109471852d398", size = 189370, upload-time = "2026-01-14T12:55:41.057Z" },
    { url = "https://files.pythonhosted.org/packages/c1/ab/938368f8ce31a9787ecd4becb1e795954782e4312095daf8fd22420227c8/librt-0.7.8-cp314-cp314-musllinux_1_2_i686.whl", hash = "sha256:a14229ac62adcf1b90a15992f1ab9c69ae8b99ffb23cb64a90878a6e8a2f5b81", size = 183224, upload-time = "2026-01-14T12:55:42.328Z" },
    { url = "https://files.pythonhosted.org/packages/3c/10/559c310e7a6e4014ac44867d359ef8238465fb499e7eb31b6bfe3e3f86f5/librt-0.7.8-cp314-cp314-musllinux_1_2_x86_64.whl", hash = "sha256:5bcaaf624fd24e6a0cb14beac37677f90793a96864c67c064a91458611446e83", size = 203541, upload-time = "2026-01-14T12:55:43.501Z" },
    { url = "https://files.pythonhosted.org/packages/f8/db/a0db7acdb6290c215f343835c6efda5b491bb05c3ddc675af558f50fdba3/librt-0.7.8-cp314-cp314-win32.whl", hash = "sha256:7aa7d5457b6c542ecaed79cec4ad98534373c9757383973e638ccced0f11f46d", size = 40657, upload-time = "2026-01-14T12:55:44.668Z" },
    { url = "https://files.pythonhosted.org/packages/72/e0/4f9bdc2a98a798511e81edcd6b54fe82767a715e05d1921115ac70717f6f/librt-0.7.8-cp314-cp314-win_amd64.whl", hash = "sha256:3d1322800771bee4a91f3b4bd4e49abc7d35e65166821086e5afd1e6c0d9be44", size = 46835, upload-time = "2026-01-14T12:55:45.655Z" },
    { url = "https://files.pythonhosted.org/packages/f9/3d/59c6402e3dec2719655a41ad027a7371f8e2334aa794ed11533ad5f34969/librt-0.7.8-cp314-cp314-win_arm64.whl", hash = "sha256:5363427bc6a8c3b1719f8f3845ea53553d301382928a86e8fab7984426949bce", size = 39885, upload-time = "2026-01-14T12:55:47.138Z" },
    { url = "https://files.pythonhosted.org/packages/4e/9c/2481d80950b83085fb14ba3c595db56330d21bbc7d88a19f20165f3538db/librt-0.7.8-cp314-cp314t-macosx_10_13_x86_64.whl", hash = "sha256:ca916919793a77e4a98d4a1701e345d337ce53be4a16620f063191f7322ac80f", size = 59161, upload-time = "2026-01-14T12:55:48.45Z" },
    { url = "https://files.pythonhosted.org/packages/96/79/108df2cfc4e672336765d54e3ff887294c1cc36ea4335c73588875775527/librt-0.7.8-cp314-cp314t-macosx_11_0_arm64.whl", hash = "sha256:54feb7b4f2f6706bb82325e836a01be805770443e2400f706e824e91f6441dde", size = 61008, upload-time = "2026-01-14T12:55:49.527Z" },
    { url = "https://files.pythonhosted.org/packages/46/f2/30179898f9994a5637459d6e169b6abdc982012c0a4b2d4c26f50c06f911/librt-0.7.8-cp314-cp314t-manylinux1_i686.manylinux_2_28_i686.manylinux_2_5_i686.whl", hash = "sha256:39a4c76fee41007070f872b648cc2f711f9abf9a13d0c7162478043377b52c8e", size = 187199, upload-time = "2026-01-14T12:55:50.587Z" },
    { url = "https://files.pythonhosted.org/packages/b4/da/f7563db55cebdc884f518ba3791ad033becc25ff68eb70902b1747dc0d70/librt-0.7.8-cp314-cp314t-manylinux2014_aarch64.manylinux_2_17_aarch64.manylinux_2_28_aarch64.whl", hash = "sha256:ac9c8a458245c7de80bc1b9765b177055efff5803f08e548dd4bb9ab9a8d789b", size = 198317, upload-time = "2026-01-14T12:55:51.991Z" },
    { url = "https://files.pythonhosted.org/packages/b3/6c/4289acf076ad371471fa86718c30ae353e690d3de6167f7db36f429272f1/librt-0.7.8-cp314-cp314t-manylinux2014_x86_64.manylinux_2_17_x86_64.manylinux_2_28_x86_64.whl", hash = "sha256:95b67aa7eff150f075fda09d11f6bfb26edffd300f6ab1666759547581e8f666", size = 210334, upload-time = "2026-01-14T12:55:53.682Z" },
    { url = "https://files.pythonhosted.org/packages/4a/7f/377521ac25b78ac0a5ff44127a0360ee6d5ddd3ce7327949876a30533daa/librt-0.7.8-cp314-cp314t-musllinux_1_2_aarch64.whl", hash = "sha256:535929b6eff670c593c34ff435d5440c3096f20fa72d63444608a5aef64dd581", size = 211031, upload-time = "2026-01-14T12:55:54.827Z" },
    { url = "https://files.pythonhosted.org/packages/c5/b1/e1e96c3e20b23d00cf90f4aad48f0deb4cdfec2f0ed8380d0d85acf98bbf/librt-0.7.8-cp314-cp314t-musllinux_1_2_i686.whl", hash = "sha256:63937bd0f4d1cb56653dc7ae900d6c52c41f0015e25aaf9902481ee79943b33a", size = 204581, upload-time = "2026-01-14T12:55:56.811Z" },
    { url = "https://files.pythonhosted.org/packages/43/71/0f5d010e92ed9747e14bef35e91b6580533510f1e36a8a09eb79ee70b2f0/librt-0.7.8-cp314-cp314t-musllinux_1_2_x86_64.whl", hash = "sha256:cf243da9e42d914036fd362ac3fa77d80a41cadcd11ad789b1b5eec4daaf67ca", size = 224731, upload-time = "2026-01-14T12:55:58.175Z" },
    { url = "https://files.pythonhosted.org/packages/22/f0/07fb6ab5c39a4ca9af3e37554f9d42f25c464829254d72e4ebbd81da351c/librt-0.7.8-cp314-cp314t-win32.whl", hash = "sha256:171ca3a0a06c643bd0a2f62a8944e1902c94aa8e5da4db1ea9a8daf872685365", size = 41173, upload-time = "2026-01-14T12:55:59.315Z" },
    { url = "https://files.pythonhosted.org/packages/24/d4/7e4be20993dc6a782639625bd2f97f3c66125c7aa80c82426956811cfccf/librt-0.7.8-cp314-cp314t-win_amd64.whl", hash = "sha256:445b7304145e24c60288a2f172b5ce2ca35c0f81605f5299f3fa567e189d2e32", size = 47668, upload-time = "2026-01-14T12:56:00.261Z" },
    { url = "https://files.pythonhosted.org/packages/fc/85/69f92b2a7b3c0f88ffe107c86b952b397004b5b8ea5a81da3d9c04c04422/librt-0.7.8-cp314-cp314t-win_arm64.whl", hash = "sha256:8766ece9de08527deabcd7cb1b4f1a967a385d26e33e536d6d8913db6ef74f06", size = 40550, upload-time = "2026-01-14T12:56:01.542Z" },
]

[[package]]
name = "mypy"
version = "1.19.1"
source = { registry = "https://pypi.org/simple" }
dependencies = [
    { name = "librt", marker = "platform_python_implementation != 'PyPy'" },
    { name = "mypy-extensions" },
    { name = "pathspec" },
    { name = "typing-extensions" },
]
sdist = { url = "https://files.pythonhosted.org/packages/f5/db/4efed9504bc01309ab9c2da7e352cc223569f05478012b5d9ece38fd44d2/mypy-1.19.1.tar.gz", hash = "sha256:19d88bb05303fe63f71dd2c6270daca27cb9401c4ca8255fe50d1d920e0eb9ba", size = 3582404, upload-time = "2025-12-15T05:03:48.42Z" }
wheels = [
    { url = "https://files.pythonhosted.org/packages/de/9f/a6abae693f7a0c697dbb435aac52e958dc8da44e92e08ba88d2e42326176/mypy-1.19.1-cp313-cp313-macosx_10_13_x86_64.whl", hash = "sha256:e3157c7594ff2ef1634ee058aafc56a82db665c9438fd41b390f3bde1ab12250", size = 13201927, upload-time = "2025-12-15T05:02:29.138Z" },
    { url = "https://files.pythonhosted.org/packages/9a/a4/45c35ccf6e1c65afc23a069f50e2c66f46bd3798cbe0d680c12d12935caa/mypy-1.19.1-cp313-cp313-macosx_11_0_arm64.whl", hash = "sha256:bdb12f69bcc02700c2b47e070238f42cb87f18c0bc1fc4cdb4fb2bc5fd7a3b8b", size = 12206730, upload-time = "2025-12-15T05:03:01.325Z" },
    { url = "https://files.pythonhosted.org/packages/05/bb/cdcf89678e26b187650512620eec8368fded4cfd99cfcb431e4cdfd19dec/mypy-1.19.1-cp313-cp313-manylinux2014_aarch64.manylinux_2_17_aarch64.manylinux_2_28_aarch64.whl", hash = "sha256:f859fb09d9583a985be9a493d5cfc5515b56b08f7447759a0c5deaf68d80506e", size = 12724581, upload-time = "2025-12-15T05:03:20.087Z" },
    { url = "https://files.pythonhosted.org/packages/d1/32/dd260d52babf67bad8e6770f8e1102021877ce0edea106e72df5626bb0ec/mypy-1.19.1-cp313-cp313-manylinux2014_x86_64.manylinux_2_17_x86_64.manylinux_2_28_x86_64.whl", hash = "sha256:c9a6538e0415310aad77cb94004ca6482330fece18036b5f360b62c45814c4ef", size = 13616252, upload-time = "2025-12-15T05:02:49.036Z" },
    { url = "https://files.pythonhosted.org/packages/71/d0/5e60a9d2e3bd48432ae2b454b7ef2b62a960ab51292b1eda2a95edd78198/mypy-1.19.1-cp313-cp313-musllinux_1_2_x86_64.whl", hash = "sha256:da4869fc5e7f62a88f3fe0b5c919d1d9f7ea3cef92d3689de2823fd27e40aa75", size = 13840848, upload-time = "2025-12-15T05:02:55.95Z" },
    { url = "https://files.pythonhosted.org/packages/98/76/d32051fa65ecf6cc8c6610956473abdc9b4c43301107476ac03559507843/mypy-1.19.1-cp313-cp313-win_amd64.whl", hash = "sha256:016f2246209095e8eda7538944daa1d60e1e8134d98983b9fc1e92c1fc0cb8dd", size = 10135510, upload-time = "2025-12-15T05:02:58.438Z" },
    { url = "https://files.pythonhosted.org/packages/de/eb/b83e75f4c820c4247a58580ef86fcd35165028f191e7e1ba57128c52782d/mypy-1.19.1-cp314-cp314-macosx_10_15_x86_64.whl", hash = "sha256:06e6170bd5836770e8104c8fdd58e5e725cfeb309f0a6c681a811f557e97eac1", size = 13199744, upload-time = "2025-12-15T05:03:30.823Z" },
    { url = "https://files.pythonhosted.org/packages/94/28/52785ab7bfa165f87fcbb61547a93f98bb20e7f82f90f165a1f69bce7b3d/mypy-1.19.1-cp314-cp314-macosx_11_0_arm64.whl", hash = "sha256:804bd67b8054a85447c8954215a906d6eff9cabeabe493fb6334b24f4bfff718", size = 12215815, upload-time = "2025-12-15T05:02:42.323Z" },
    { url = "https://files.pythonhosted.org/packages/0a/c6/bdd60774a0dbfb05122e3e925f2e9e846c009e479dcec4821dad881f5b52/mypy-1.19.1-cp314-cp314-manylinux2014_aarch64.manylinux_2_17_aarch64.manylinux_2_28_aarch64.whl", hash = "sha256:21761006a7f497cb0d4de3d8ef4ca70532256688b0523eee02baf9eec895e27b", size = 12740047, upload-time = "2025-12-15T05:03:33.168Z" },
    { url = "https://files.pythonhosted.org/packages/32/2a/66ba933fe6c76bd40d1fe916a83f04fed253152f451a877520b3c4a5e41e/mypy-1.19.1-cp314-cp314-manylinux2014_x86_64.manylinux_2_17_x86_64.manylinux_2_28_x86_64.whl", hash = "sha256:28902ee51f12e0f19e1e16fbe2f8f06b6637f482c459dd393efddd0ec7f82045", size = 13601998, upload-time = "2025-12-15T05:03:13.056Z" },
    { url = "https://files.pythonhosted.org/packages/e3/da/5055c63e377c5c2418760411fd6a63ee2b96cf95397259038756c042574f/mypy-1.19.1-cp314-cp314-musllinux_1_2_x86_64.whl", hash = "sha256:481daf36a4c443332e2ae9c137dfee878fcea781a2e3f895d54bd3002a900957", size = 13807476, upload-time = "2025-12-15T05:03:17.977Z" },
    { url = "https://files.pythonhosted.org/packages/cd/09/4ebd873390a063176f06b0dbf1f7783dd87bd120eae7727fa4ae4179b685/mypy-1.19.1-cp314-cp314-win_amd64.whl", hash = "sha256:8bb5c6f6d043655e055be9b542aa5f3bdd30e4f3589163e85f93f3640060509f", size = 10281872, upload-time = "2025-12-15T05:03:05.549Z" },
    { url = "https://files.pythonhosted.org/packages/8d/f4/4ce9a05ce5ded1de3ec1c1d96cf9f9504a04e54ce0ed55cfa38619a32b8d/mypy-1.19.1-py3-none-any.whl", hash = "sha256:f1235f5ea01b7db5468d53ece6aaddf1ad0b88d9e7462b86ef96fe04995d7247", size = 2471239, upload-time = "2025-12-15T05:03:07.248Z" },
]

[[package]]
name = "mypy-extensions"
version = "1.1.0"
source = { registry = "https://pypi.org/simple" }
sdist = { url = "https://files.pythonhosted.org/packages/a2/6e/371856a3fb9d31ca8dac321cda606860fa4548858c0cc45d9d1d4ca2628b/mypy_extensions-1.1.0.tar.gz", hash = "sha256:52e68efc3284861e772bbcd66823fde5ae21fd2fdb51c62a211403730b916558", size = 6343, upload-time = "2025-04-22T14:54:24.164Z" }
wheels = [
    { url = "https://files.pythonhosted.org/packages/79/7b/2c79738432f5c924bef5071f933bcc9efd0473bac3b4aa584a6f7c1c8df8/mypy_extensions-1.1.0-py3-none-any.whl", hash = "sha256:1be4cccdb0f2482337c4743e60421de3a356cd97508abadd57d47403e94f5505", size = 4963, upload-time = "2025-04-22T14:54:22.983Z" },
]

[[package]]
name = "pathspec"
version = "1.0.3"
source = { registry = "https://pypi.org/simple" }
sdist = { url = "https://files.pythonhosted.org/packages/4c/b2/bb8e495d5262bfec41ab5cb18f522f1012933347fb5d9e62452d446baca2/pathspec-1.0.3.tar.gz", hash = "sha256:bac5cf97ae2c2876e2d25ebb15078eb04d76e4b98921ee31c6f85ade8b59444d", size = 130841, upload-time = "2026-01-09T15:46:46.009Z" }
wheels = [
    { url = "https://files.pythonhosted.org/packages/32/2b/121e912bd60eebd623f873fd090de0e84f322972ab25a7f9044c056804ed/pathspec-1.0.3-py3-none-any.whl", hash = "sha256:e80767021c1cc524aa3fb14bedda9c34406591343cc42797b386ce7b9354fb6c", size = 55021, upload-time = "2026-01-09T15:46:44.652Z" },
]

[[package]]
name = "psycopg2-binary"
version = "2.9.11"
source = { registry = "https://pypi.org/simple" }
sdist = { url = "https://files.pythonhosted.org/packages/ac/6c/8767aaa597ba424643dc87348c6f1754dd9f48e80fdc1b9f7ca5c3a7c213/psycopg2-binary-2.9.11.tar.gz", hash = "sha256:b6aed9e096bf63f9e75edf2581aa9a7e7186d97ab5c177aa6c87797cd591236c", size = 379620, upload-time = "2025-10-10T11:14:48.041Z" }
wheels = [
    { url = "https://files.pythonhosted.org/packages/ff/a8/a2709681b3ac11b0b1786def10006b8995125ba268c9a54bea6f5ae8bd3e/psycopg2_binary-2.9.11-cp313-cp313-macosx_10_13_x86_64.whl", hash = "sha256:b8fb3db325435d34235b044b199e56cdf9ff41223a4b9752e8576465170bb38c", size = 3756572, upload-time = "2025-10-10T11:12:32.873Z" },
    { url = "https://files.pythonhosted.org/packages/62/e1/c2b38d256d0dafd32713e9f31982a5b028f4a3651f446be70785f484f472/psycopg2_binary-2.9.11-cp313-cp313-macosx_11_0_arm64.whl", hash = "sha256:366df99e710a2acd90efed3764bb1e28df6c675d33a7fb40df9b7281694432ee", size = 3864529, upload-time = "2025-10-10T11:12:36.791Z" },
    { url = "https://files.pythonhosted.org/packages/11/32/b2ffe8f3853c181e88f0a157c5fb4e383102238d73c52ac6d93a5c8bffe6/psycopg2_binary-2.9.11-cp313-cp313-manylinux2014_aarch64.manylinux_2_17_aarch64.whl", hash = "sha256:8c55b385daa2f92cb64b12ec4536c66954ac53654c7f15a203578da4e78105c0", size = 4411242, upload-time = "2025-10-10T11:12:42.388Z" },
    { url = "https://files.pythonhosted.org/packages/10/04/6ca7477e6160ae258dc96f67c371157776564679aefd247b66f4661501a2/psycopg2_binary-2.9.11-cp313-cp313-manylinux2014_ppc64le.manylinux_2_17_ppc64le.whl", hash = "sha256:c0377174bf1dd416993d16edc15357f6eb17ac998244cca19bc67cdc0e2e5766", size = 4468258, upload-time = "2025-10-10T11:12:48.654Z" },
    { url = "https://files.pythonhosted.org/packages/3c/7e/6a1a38f86412df101435809f225d57c1a021307dd0689f7a5e7fe83588b1/psycopg2_binary-2.9.11-cp313-cp313-manylinux2014_x86_64.manylinux_2_17_x86_64.whl", hash = "sha256:5c6ff3335ce08c75afaed19e08699e8aacf95d4a260b495a4a8545244fe2ceb3", size = 4166295, upload-time = "2025-10-10T11:12:52.525Z" },
    { url = "https://files.pythonhosted.org/packages/f2/7d/c07374c501b45f3579a9eb761cbf2604ddef3d96ad48679112c2c5aa9c25/psycopg2_binary-2.9.11-cp313-cp313-manylinux_2_38_riscv64.manylinux_2_39_riscv64.whl", hash = "sha256:84011ba3109e06ac412f95399b704d3d6950e386b7994475b231cf61eec2fc1f", size = 3983133, upload-time = "2025-10-30T02:55:24.329Z" },
    { url = "https://files.pythonhosted.org/packages/82/56/993b7104cb8345ad7d4516538ccf8f0d0ac640b1ebd8c754a7b024e76878/psycopg2_binary-2.9.11-cp313-cp313-musllinux_1_2_aarch64.whl", hash = "sha256:ba34475ceb08cccbdd98f6b46916917ae6eeb92b5ae111df10b544c3a4621dc4", size = 3652383, upload-time = "2025-10-10T11:12:56.387Z" },
    { url = "https://files.pythonhosted.org/packages/2d/ac/eaeb6029362fd8d454a27374d84c6866c82c33bfc24587b4face5a8e43ef/psycopg2_binary-2.9.11-cp313-cp313-musllinux_1_2_ppc64le.whl", hash = "sha256:b31e90fdd0f968c2de3b26ab014314fe814225b6c324f770952f7d38abf17e3c", size = 3298168, upload-time = "2025-10-10T11:13:00.403Z" },
    { url = "https://files.pythonhosted.org/packages/2b/39/50c3facc66bded9ada5cbc0de867499a703dc6bca6be03070b4e3b65da6c/psycopg2_binary-2.9.11-cp313-cp313-musllinux_1_2_riscv64.whl", hash = "sha256:d526864e0f67f74937a8fce859bd56c979f5e2ec57ca7c627f5f1071ef7fee60", size = 3044712, upload-time = "2025-10-30T02:55:27.975Z" },
    { url = "https://files.pythonhosted.org/packages/9c/8e/b7de019a1f562f72ada81081a12823d3c1590bedc48d7d2559410a2763fe/psycopg2_binary-2.9.11-cp313-cp313-musllinux_1_2_x86_64.whl", hash = "sha256:04195548662fa544626c8ea0f06561eb6203f1984ba5b4562764fbeb4c3d14b1", size = 3347549, upload-time = "2025-10-10T11:13:03.971Z" },
    { url = "https://files.pythonhosted.org/packages/80/2d/1bb683f64737bbb1f86c82b7359db1eb2be4e2c0c13b947f80efefa7d3e5/psycopg2_binary-2.9.11-cp313-cp313-win_amd64.whl", hash = "sha256:efff12b432179443f54e230fdf60de1f6cc726b6c832db8701227d089310e8aa", size = 2714215, upload-time = "2025-10-10T11:13:07.14Z" },
    { url = "https://files.pythonhosted.org/packages/64/12/93ef0098590cf51d9732b4f139533732565704f45bdc1ffa741b7c95fb54/psycopg2_binary-2.9.11-cp314-cp314-macosx_10_13_x86_64.whl", hash = "sha256:92e3b669236327083a2e33ccfa0d320dd01b9803b3e14dd986a4fc54aa00f4e1", size = 3756567, upload-time = "2025-10-10T11:13:11.885Z" },
    { url = "https://files.pythonhosted.org/packages/7c/a9/9d55c614a891288f15ca4b5209b09f0f01e3124056924e17b81b9fa054cc/psycopg2_binary-2.9.11-cp314-cp314-macosx_11_0_arm64.whl", hash = "sha256:e0deeb03da539fa3577fcb0b3f2554a97f7e5477c246098dbb18091a4a01c16f", size = 3864755, upload-time = "2025-10-10T11:13:17.727Z" },
    { url = "https://files.pythonhosted.org/packages/13/1e/98874ce72fd29cbde93209977b196a2edae03f8490d1bd8158e7f1daf3a0/psycopg2_binary-2.9.11-cp314-cp314-manylinux2014_aarch64.manylinux_2_17_aarch64.whl", hash = "sha256:9b52a3f9bb540a3e4ec0f6ba6d31339727b2950c9772850d6545b7eae0b9d7c5", size = 4411646, upload-time = "2025-10-10T11:13:24.432Z" },
    { url = "https://files.pythonhosted.org/packages/5a/bd/a335ce6645334fb8d758cc358810defca14a1d19ffbc8a10bd38a2328565/psycopg2_binary-2.9.11-cp314-cp314-manylinux2014_ppc64le.manylinux_2_17_ppc64le.whl", hash = "sha256:db4fd476874ccfdbb630a54426964959e58da4c61c9feba73e6094d51303d7d8", size = 4468701, upload-time = "2025-10-10T11:13:29.266Z" },
    { url = "https://files.pythonhosted.org/packages/44/d6/c8b4f53f34e295e45709b7568bf9b9407a612ea30387d35eb9fa84f269b4/psycopg2_binary-2.9.11-cp314-cp314-manylinux2014_x86_64.manylinux_2_17_x86_64.whl", hash = "sha256:47f212c1d3be608a12937cc131bd85502954398aaa1320cb4c14421a0ffccf4c", size = 4166293, upload-time = "2025-10-10T11:13:33.336Z" },
    { url = "https://files.pythonhosted.org/packages/4b/e0/f8cc36eadd1b716ab36bb290618a3292e009867e5c97ce4aba908cb99644/psycopg2_binary-2.9.11-cp314-cp314-manylinux_2_38_riscv64.manylinux_2_39_riscv64.whl", hash = "sha256:e35b7abae2b0adab776add56111df1735ccc71406e56203515e228a8dc07089f", size = 3983184, upload-time = "2025-10-30T02:55:32.483Z" },
    { url = "https://files.pythonhosted.org/packages/53/3e/2a8fe18a4e61cfb3417da67b6318e12691772c0696d79434184a511906dc/psycopg2_binary-2.9.11-cp314-cp314-musllinux_1_2_aarch64.whl", hash = "sha256:fcf21be3ce5f5659daefd2b3b3b6e4727b028221ddc94e6c1523425579664747", size = 3652650, upload-time = "2025-10-10T11:13:38.181Z" },
    { url = "https://files.pythonhosted.org/packages/76/36/03801461b31b29fe58d228c24388f999fe814dfc302856e0d17f97d7c54d/psycopg2_binary-2.9.11-cp314-cp314-musllinux_1_2_ppc64le.whl", hash = "sha256:9bd81e64e8de111237737b29d68039b9c813bdf520156af36d26819c9a979e5f", size = 3298663, upload-time = "2025-10-10T11:13:44.878Z" },
    { url = "https://files.pythonhosted.org/packages/97/77/21b0ea2e1a73aa5fa9222b2a6b8ba325c43c3a8d54272839c991f2345656/psycopg2_binary-2.9.11-cp314-cp314-musllinux_1_2_riscv64.whl", hash = "sha256:32770a4d666fbdafab017086655bcddab791d7cb260a16679cc5a7338b64343b", size = 3044737, upload-time = "2025-10-30T02:55:35.69Z" },
    { url = "https://files.pythonhosted.org/packages/67/69/f36abe5f118c1dca6d3726ceae164b9356985805480731ac6712a63f24f0/psycopg2_binary-2.9.11-cp314-cp314-musllinux_1_2_x86_64.whl", hash = "sha256:c3cb3a676873d7506825221045bd70e0427c905b9c8ee8d6acd70cfcbd6e576d", size = 3347643, upload-time = "2025-10-10T11:13:53.499Z" },
    { url = "https://files.pythonhosted.org/packages/e1/36/9c0c326fe3a4227953dfb29f5d0c8ae3b8eb8c1cd2967aa569f50cb3c61f/psycopg2_binary-2.9.11-cp314-cp314-win_amd64.whl", hash = "sha256:4012c9c954dfaccd28f94e84ab9f94e12df76b4afb22331b1f0d3154893a6316", size = 2803913, upload-time = "2025-10-10T11:13:57.058Z" },
]

[[package]]
name = "ruff"
version = "0.10.0"
source = { registry = "https://pypi.org/simple" }
sdist = { url = "https://files.pythonhosted.org/packages/4c/ec/9c59d2956566517c98ac8267554f4eaceafb2a19710a429368518b7fab43/ruff-0.10.0.tar.gz", hash = "sha256:fa1554e18deaf8aa097dbcfeafaf38b17a2a1e98fdc18f50e62e8a836abee392", size = 3789921, upload-time = "2025-03-13T18:38:05.228Z" }
wheels = [
    { url = "https://files.pythonhosted.org/packages/bf/3f/742afe91b43def2a75990b293c676355576c0ff9cdbcf4249f78fa592544/ruff-0.10.0-py3-none-linux_armv6l.whl", hash = "sha256:46a2aa0eaae5048e5f804f0be9489d8a661633e23277b7293089e70d5c1a35c4", size = 10078369, upload-time = "2025-03-13T18:37:20.499Z" },
    { url = "https://files.pythonhosted.org/packages/8d/a0/8696fb4862e82f7b40bbbc2917137594b22826cc62d77278a91391507514/ruff-0.10.0-py3-none-macosx_10_12_x86_64.whl", hash = "sha256:775a6bc61af9dd0a2e1763406522a137e62aabb743d8b43ed95f019cdd1526c7", size = 10876912, upload-time = "2025-03-13T18:37:24.184Z" },
    { url = "https://files.pythonhosted.org/packages/40/aa/0d48b7b7d7a1f168bb8fd893ed559d633c7d68c4a8ef9b996f0c2bd07aca/ruff-0.10.0-py3-none-macosx_11_0_arm64.whl", hash = "sha256:8b03e6fcd39d20f0004f9956f0ed5eadc404d3a299f9d9286323884e3b663730", size = 10229962, upload-time = "2025-03-13T18:37:28.211Z" },
    { url = "https://files.pythonhosted.org/packages/21/de/861ced2f75b045d8cfc038d68961d8ac117344df1f43a11abdd05bf7991b/ruff-0.10.0-py3-none-manylinux_2_17_aarch64.manylinux2014_aarch64.whl", hash = "sha256:621101d1af80248827f2409a78c8177c8319986a57b4663613b9c72f8617bfcd", size = 10404627, upload-time = "2025-03-13T18:37:30.626Z" },
    { url = "https://files.pythonhosted.org/packages/21/69/666e0b840191c3ce433962c0d05fc0f6800afe259ea5d230cc731655d8e2/ruff-0.10.0-py3-none-manylinux_2_17_armv7l.manylinux2014_armv7l.whl", hash = "sha256:e2dfe85cb6bfbd4259801e7d4982f2a72bdbd5749dc73a09d68a6dbf77f2209a", size = 9939383, upload-time = "2025-03-13T18:37:33.186Z" },
    { url = "https://files.pythonhosted.org/packages/76/bf/34a2adc58092c99cdfa9f1303acd82d840d56412022e477e2ab20c261d2d/ruff-0.10.0-py3-none-manylinux_2_17_i686.manylinux2014_i686.whl", hash = "sha256:43ac3879a20c22fdc57e559f0bb27f0c71828656841d0b42d3505b1e5b3a83c8", size = 11492269, upload-time = "2025-03-13T18:37:35.377Z" },
    { url = "https://files.pythonhosted.org/packages/31/3d/f7ccfcf69f15948623b190feea9d411d5029ae39725fcc078f8d43bd07a6/ruff-0.10.0-py3-none-manylinux_2_17_ppc64.manylinux2014_ppc64.whl", hash = "sha256:ef5e3aac421bbc62f8a7aab21edd49a359ed42205f7a5091a74386bca1efa293", size = 12186939, upload-time = "2025-03-13T18:37:38.381Z" },
    { url = "https://files.pythonhosted.org/packages/6e/3e/c557c0abfdea85c7d238a3cb238c73e7b6d17c30a584234c4fd8fe2cafb6/ruff-0.10.0-py3-none-manylinux_2_17_ppc64le.manylinux2014_ppc64le.whl", hash = "sha256:9f4f62d7fac8b748fce67ad308116b4d4cc1a9f964b4804fc5408fbd06e13ba9", size = 11655896, upload-time = "2025-03-13T18:37:40.753Z" },
    { url = "https://files.pythonhosted.org/packages/3b/8e/3bfa110f37e5192eb3943f14943d05fbb9a76fea380aa87655e6f6276a54/ruff-0.10.0-py3-none-manylinux_2_17_s390x.manylinux2014_s390x.whl", hash = "sha256:02f9f6205c5b0d626f98da01a0e75b724a64c21c554bba24b12522c9e9ba6a04", size = 13885502, upload-time = "2025-03-13T18:37:43.226Z" },
    { url = "https://files.pythonhosted.org/packages/51/4a/22cdab59b5563dd7f4c504d0f1e6bb25fc800a5a057395bc24f8ff3a85b2/ruff-0.10.0-py3-none-manylinux_2_17_x86_64.manylinux2014_x86_64.whl", hash = "sha256:46a97f3d55f68464c48d1e929a8582c7e5bb80ac73336bbc7b0da894d8e6cd9e", size = 11344767, upload-time = "2025-03-13T18:37:46.656Z" },
    { url = "https://files.pythonhosted.org/packages/3d/0f/8f85de2ac565f82f47c6d8fb7ae04383e6300560f2d1b91c1268ff91e507/ruff-0.10.0-py3-none-musllinux_1_2_aarch64.whl", hash = "sha256:a0b811197d0dc96c13d610f8cfdc56030b405bcff5c2f10eab187b329da0ca4a", size = 10300331, upload-time = "2025-03-13T18:37:48.682Z" },
    { url = "https://files.pythonhosted.org/packages/90/4a/b337df327832cb30bd8607e8d1fdf1b6b5ca228307d5008dd49028fb66ae/ruff-0.10.0-py3-none-musllinux_1_2_armv7l.whl", hash = "sha256:a13a3fda0870c1c964b47ff5d73805ae80d2a9de93ee2d185d453b8fddf85a84", size = 9926551, upload-time = "2025-03-13T18:37:50.698Z" },
    { url = "https://files.pythonhosted.org/packages/d7/e9/141233730b85675ac806c4b62f70516bd9c0aae8a55823f3a6589ed411be/ruff-0.10.0-py3-none-musllinux_1_2_i686.whl", hash = "sha256:6ceb8d9f062e90ddcbad929f6136edf764bbf6411420a07e8357602ea28cd99f", size = 10925061, upload-time = "2025-03-13T18:37:53.28Z" },
    { url = "https://files.pythonhosted.org/packages/24/09/02987935b55c2d353a226ac1b4f9718830e2e195834929f46c07eeede746/ruff-0.10.0-py3-none-musllinux_1_2_x86_64.whl", hash = "sha256:c41d07d573617ed2f287ea892af2446fd8a8d877481e8e1ba6928e020665d240", size = 11394949, upload-time = "2025-03-13T18:37:55.375Z" },
    { url = "https://files.pythonhosted.org/packages/d6/ec/054f9879fb6f4122d43ffe5c9f88c8c323a9cd14220d5c813aea5805e02c/ruff-0.10.0-py3-none-win32.whl", hash = "sha256:76e2de0cbdd587e373cd3b4050d2c45babdd7014c1888a6f121c29525c748a15", size = 10272077, upload-time = "2025-03-13T18:37:57.913Z" },
    { url = "https://files.pythonhosted.org/packages/6e/49/915d8682f24645b904fe6a1aac36101464fc814923fdf293c1388dc5533c/ruff-0.10.0-py3-none-win_amd64.whl", hash = "sha256:f943acdecdcc6786a8d1dad455dd9f94e6d57ccc115be4993f9b52ef8316027a", size = 11393300, upload-time = "2025-03-13T18:38:00.414Z" },
    { url = "https://files.pythonhosted.org/packages/82/ed/5c59941634c9026ceeccc7c119f23f4356f09aafd28c15c1bc734ac66b01/ruff-0.10.0-py3-none-win_arm64.whl", hash = "sha256:935a943bdbd9ff0685acd80d484ea91088e27617537b5f7ef8907187d19d28d0", size = 10510133, upload-time = "2025-03-13T18:38:02.91Z" },
]

[[package]]
name = "sqlparse"
version = "0.5.3"
source = { registry = "https://pypi.org/simple" }
sdist = { url = "https://files.pythonhosted.org/packages/e5/40/edede8dd6977b0d3da179a342c198ed100dd2aba4be081861ee5911e4da4/sqlparse-0.5.3.tar.gz", hash = "sha256:09f67787f56a0b16ecdbde1bfc7f5d9c3371ca683cfeaa8e6ff60b4807ec9272", size = 84999, upload-time = "2024-12-10T12:05:30.728Z" }
wheels = [
    { url = "https://files.pythonhosted.org/packages/a9/5c/bfd6bd0bf979426d405cc6e71eceb8701b148b16c21d2dc3c261efc61c7b/sqlparse-0.5.3-py3-none-any.whl", hash = "sha256:cf2196ed3418f3ba5de6af7e82c694a9fbdbfecccdfc72e281548517081f16ca", size = 44415, upload-time = "2024-12-10T12:05:27.824Z" },
]

[[package]]
name = "types-pyyaml"
version = "6.0.12.20250915"
source = { registry = "https://pypi.org/simple" }
sdist = { url = "https://files.pythonhosted.org/packages/7e/69/3c51b36d04da19b92f9e815be12753125bd8bc247ba0470a982e6979e71c/types_pyyaml-6.0.12.20250915.tar.gz", hash = "sha256:0f8b54a528c303f0e6f7165687dd33fafa81c807fcac23f632b63aa624ced1d3", size = 17522, upload-time = "2025-09-15T03:01:00.728Z" }
wheels = [
    { url = "https://files.pythonhosted.org/packages/bd/e0/1eed384f02555dde685fff1a1ac805c1c7dcb6dd019c916fe659b1c1f9ec/types_pyyaml-6.0.12.20250915-py3-none-any.whl", hash = "sha256:e7d4d9e064e89a3b3cae120b4990cd370874d2bf12fa5f46c97018dd5d3c9ab6", size = 20338, upload-time = "2025-09-15T03:00:59.218Z" },
]

[[package]]
name = "typing-extensions"
version = "4.15.0"
source = { registry = "https://pypi.org/simple" }
sdist = { url = "https://files.pythonhosted.org/packages/72/94/1a15dd82efb362ac84269196e94cf00f187f7ed21c242792a923cdb1c61f/typing_extensions-4.15.0.tar.gz", hash = "sha256:0cea48d173cc12fa28ecabc3b837ea3cf6f38c6d1136f85cbaaf598984861466", size = 109391, upload-time = "2025-08-25T13:49:26.313Z" }
wheels = [
    { url = "https://files.pythonhosted.org/packages/18/67/36e9267722cc04a6b9f15c7f3441c2363321a3ea07da7ae0c0707beb2a9c/typing_extensions-4.15.0-py3-none-any.whl", hash = "sha256:f0fa19c6845758ab08074a0cfa8b7aecb71c999ca73d62883bc25cc018c4e548", size = 44614, upload-time = "2025-08-25T13:49:24.86Z" },
]

[[package]]
name = "tzdata"
version = "2025.1"
source = { registry = "https://pypi.org/simple" }
sdist = { url = "https://files.pythonhosted.org/packages/43/0f/fa4723f22942480be4ca9527bbde8d43f6c3f2fe8412f00e7f5f6746bc8b/tzdata-2025.1.tar.gz", hash = "sha256:24894909e88cdb28bd1636c6887801df64cb485bd593f2fd83ef29075a81d694", size = 194950, upload-time = "2025-01-21T19:49:38.686Z" }
wheels = [
    { url = "https://files.pythonhosted.org/packages/0f/dd/84f10e23edd882c6f968c21c2434fe67bd4a528967067515feca9e611e5e/tzdata-2025.1-py2.py3-none-any.whl", hash = "sha256:7e127113816800496f027041c570f50bcd464a020098a3b6b199517772303639", size = 346762, upload-time = "2025-01-21T19:49:37.187Z" },
]
